<?xml version="1.0" encoding="utf-8"?>
<Project ToolsVersion="4.0" xmlns="http://schemas.microsoft.com/developer/msbuild/2003">
  <ItemGroup>
    <ClCompile Include="forward.c" />
    <ClCompile Include="driver\imu.c">
      <Filter>driver</Filter>
    </ClCompile>
    <ClCompile Include="driver\motor.c">
      <Filter>driver</Filter>
    </ClCompile>
    <ClCompile Include="control\pid.c">
      <Filter>control</Filter>
    </ClCompile>
  </ItemGroup>
  <ItemGroup>
    <Filter Include="driver">
      <UniqueIdentifier>{6605a8b7-cf6e-4776-ab17-47ae3528f4c9}</UniqueIdentifier>
    </Filter>
    <Filter Include="control">
      <UniqueIdentifier>{e332242c-f887-43b2-ba11-02145808e4bf}</UniqueIdentifier>
    </Filter>
  </ItemGroup>
  <ItemGroup>
    <ClInclude Include="driver\imu.h">
      <Filter>driver</Filter>
    </ClInclude>
    <ClInclude Include="driver\motor.h">
      <Filter>driver</Filter>
    </ClInclude>
    <ClInclude Include="control\pid.h">
      <Filter>control</Filter>
    </ClInclude>
    <ClInclude Include="rtdef.h" />
  </ItemGroup>
</Project>